PODS:
  - PromisesObjC (1.2.7)
  - PromisesSwift (1.2.7):
    - PromisesObjC (= 1.2.7)
  - sdk-bridge-swift (0.1.1-beta.1):
    - PromisesSwift (~> 1.2.4)
    - sdk-bridge-swift/sdk-xyobleinterface-swift (= 0.1.1-beta.1)
    - sdk-bridge-swift/XyBleSdk (= 0.1.1-beta.1)
    - sdk-core-swift (~> 0.1.2-beta.7)
    - sdk-objectmodel-swift (~> 0.1.2-beta.2)
    - sdk-xyobleinterface-swift
    - XyBleSdk
  - sdk-bridge-swift/sdk-xyobleinterface-swift (0.1.1-beta.1):
    - PromisesSwift (~> 1.2.4)
    - sdk-core-swift (~> 0.1.2-beta.7)
    - sdk-objectmodel-swift (~> 0.1.2-beta.2)
    - sdk-xyobleinterface-swift
    - XyBleSdk
  - sdk-bridge-swift/XyBleSdk (0.1.1-beta.1):
    - PromisesSwift (~> 1.2.4)
    - sdk-core-swift (~> 0.1.2-beta.7)
    - sdk-objectmodel-swift (~> 0.1.2-beta.2)
    - sdk-xyobleinterface-swift
    - XyBleSdk
  - sdk-core-swift (0.1.4-beta.2):
    - sdk-objectmodel-swift (~> 0.1.1-beta.2)
    - secp256k1.swift
  - sdk-objectmodel-swift (0.1.2-beta.3)
  - sdk-xyobleinterface-swift (0.1.2-beta.1):
    - PromisesSwift (~> 1.2.4)
    - sdk-core-swift (~> 0.1.4-beta.1)
    - sdk-objectmodel-swift (~> 0.1.2-beta.2)
    - sdk-xyobleinterface-swift/XyBleSdk (= 0.1.2-beta.1)
    - XyBleSdk
  - sdk-xyobleinterface-swift/XyBleSdk (0.1.2-beta.1):
    - PromisesSwift (~> 1.2.4)
    - sdk-core-swift (~> 0.1.4-beta.1)
    - sdk-objectmodel-swift (~> 0.1.2-beta.2)
    - XyBleSdk
  - secp256k1.swift (0.1.4)
  - XyBleSdk (0.0.1):
    - PromisesSwift (~> 1.2.4)

DEPENDENCIES:
  - sdk-bridge-swift (from `../`)
  - sdk-core-swift (~> 0.1.4-beta.0)
  - sdk-objectmodel-swift (~> 0.1.2-beta.2)
  - sdk-xyobleinterface-swift (from `../../sdk-xyobleinterface-swift/`)
  - XyBleSdk (from `../../sdk-ble-swift/`)

SPEC REPOS:
  https://github.com/cocoapods/specs.git:
    - PromisesObjC
    - PromisesSwift
    - sdk-core-swift
    - sdk-objectmodel-swift
    - secp256k1.swift

EXTERNAL SOURCES:
  sdk-bridge-swift:
    :path: "../"
  sdk-xyobleinterface-swift:
    :path: "../../sdk-xyobleinterface-swift/"
  XyBleSdk:
    :path: "../../sdk-ble-swift/"

SPEC CHECKSUMS:
  PromisesObjC: 7b28ddd1e78cce8f80f1ada927d2217663a9c672
  PromisesSwift: b27f410f9ea693753cfd4cfd8ac1c60a471f137b
  sdk-bridge-swift: 60cddf74e333341981fb070d7f9b21fe9976ed9b
  sdk-core-swift: 34e59fcc29d06765c4331946989ee395563cf4ef
  sdk-objectmodel-swift: 93b02d39d406c39e45ad15a2d5b488c9f8e16b58
  sdk-xyobleinterface-swift: 17cc463a7f25760d4d37614eceb6a1094b1c0b4d
  secp256k1.swift: a7e7a214f6db6ce5db32cc6b2b45e5c4dd633634
  XyBleSdk: 68eef398de0fa956199ba4b8e6a5cc59d7f98287

PODFILE CHECKSUM: 75599955fd20de22b154edc52bea8bc3ec13aecb

COCOAPODS: 1.6.0
