// !$*UTF8*$!
{
	archiveVersion = 1;
	classes = {
	};
	objectVersion = 50;
	objects = {

/* Begin PBXBuildFile section */
		8C6F37C2221F6AE2001473B2 /* XyoBridgeProcedureCatalogue.swift in Sources */ = {isa = PBXBuildFile; fileRef = 8C6F37C1221F6AE2001473B2 /* XyoBridgeProcedureCatalogue.swift */; };
		8C85F6D0225AE86100EA04A1 /* XyoBridgeProcedureStrictCatalogue.swift in Sources */ = {isa = PBXBuildFile; fileRef = 8C85F6CF225AE86100EA04A1 /* XyoBridgeProcedureStrictCatalogue.swift */; };
		8C924E07221376DD007FF765 /* sdk_bridge_swift.h in Headers */ = {isa = PBXBuildFile; fileRef = 8C924E05221376DD007FF765 /* sdk_bridge_swift.h */; settings = {ATTRIBUTES = (Public, ); }; };
		8C924E0E221377A7007FF765 /* XyoBleToTcpBridge.swift in Sources */ = {isa = PBXBuildFile; fileRef = 8C924E0D221377A7007FF765 /* XyoBleToTcpBridge.swift */; };
		F6AFD235092D5D2DBF917E69 /* Pods_sdk_bridge_swift.framework in Frameworks */ = {isa = PBXBuildFile; fileRef = F299458BE7E21FBB02F5D9D2 /* Pods_sdk_bridge_swift.framework */; };
/* End PBXBuildFile section */

/* Begin PBXFileReference section */
		303AC5206BB489C5CD3D0FB7 /* Pods-sdk-bridge-swift.debug.xcconfig */ = {isa = PBXFileReference; includeInIndex = 1; lastKnownFileType = text.xcconfig; name = "Pods-sdk-bridge-swift.debug.xcconfig"; path = "Target Support Files/Pods-sdk-bridge-swift/Pods-sdk-bridge-swift.debug.xcconfig"; sourceTree = "<group>"; };
		8C6F37C1221F6AE2001473B2 /* XyoBridgeProcedureCatalogue.swift */ = {isa = PBXFileReference; lastKnownFileType = sourcecode.swift; path = XyoBridgeProcedureCatalogue.swift; sourceTree = "<group>"; };
		8C85F6CF225AE86100EA04A1 /* XyoBridgeProcedureStrictCatalogue.swift */ = {isa = PBXFileReference; lastKnownFileType = sourcecode.swift; path = XyoBridgeProcedureStrictCatalogue.swift; sourceTree = "<group>"; };
		8C924E02221376DD007FF765 /* sdk_bridge_swift.framework */ = {isa = PBXFileReference; explicitFileType = wrapper.framework; includeInIndex = 0; path = sdk_bridge_swift.framework; sourceTree = BUILT_PRODUCTS_DIR; };
		8C924E05221376DD007FF765 /* sdk_bridge_swift.h */ = {isa = PBXFileReference; lastKnownFileType = sourcecode.c.h; path = sdk_bridge_swift.h; sourceTree = "<group>"; };
		8C924E06221376DD007FF765 /* Info.plist */ = {isa = PBXFileReference; lastKnownFileType = text.plist.xml; path = Info.plist; sourceTree = "<group>"; };
		8C924E0D221377A7007FF765 /* XyoBleToTcpBridge.swift */ = {isa = PBXFileReference; lastKnownFileType = sourcecode.swift; path = XyoBleToTcpBridge.swift; sourceTree = "<group>"; };
		C0BF4292F2AAF0781AA94745 /* Pods-sdk-bridge-swift.release.xcconfig */ = {isa = PBXFileReference; includeInIndex = 1; lastKnownFileType = text.xcconfig; name = "Pods-sdk-bridge-swift.release.xcconfig"; path = "Target Support Files/Pods-sdk-bridge-swift/Pods-sdk-bridge-swift.release.xcconfig"; sourceTree = "<group>"; };
		F299458BE7E21FBB02F5D9D2 /* Pods_sdk_bridge_swift.framework */ = {isa = PBXFileReference; explicitFileType = wrapper.framework; includeInIndex = 0; path = Pods_sdk_bridge_swift.framework; sourceTree = BUILT_PRODUCTS_DIR; };
/* End PBXFileReference section */

/* Begin PBXFrameworksBuildPhase section */
		8C924DFF221376DD007FF765 /* Frameworks */ = {
			isa = PBXFrameworksBuildPhase;
			buildActionMask = 2147483647;
			files = (
				F6AFD235092D5D2DBF917E69 /* Pods_sdk_bridge_swift.framework in Frameworks */,
			);
			runOnlyForDeploymentPostprocessing = 0;
		};
/* End PBXFrameworksBuildPhase section */

/* Begin PBXGroup section */
		022499BA0BB2A75CABFE8AFC /* Frameworks */ = {
			isa = PBXGroup;
			children = (
				F299458BE7E21FBB02F5D9D2 /* Pods_sdk_bridge_swift.framework */,
			);
			name = Frameworks;
			sourceTree = "<group>";
		};
		3477E55970CF8B7645FF0AC8 /* Pods */ = {
			isa = PBXGroup;
			children = (
				303AC5206BB489C5CD3D0FB7 /* Pods-sdk-bridge-swift.debug.xcconfig */,
				C0BF4292F2AAF0781AA94745 /* Pods-sdk-bridge-swift.release.xcconfig */,
			);
			path = Pods;
			sourceTree = "<group>";
		};
		8C924DF8221376DD007FF765 = {
			isa = PBXGroup;
			children = (
				8C924E04221376DD007FF765 /* sdk-bridge-swift */,
				8C924E03221376DD007FF765 /* Products */,
				3477E55970CF8B7645FF0AC8 /* Pods */,
				022499BA0BB2A75CABFE8AFC /* Frameworks */,
			);
			sourceTree = "<group>";
		};
		8C924E03221376DD007FF765 /* Products */ = {
			isa = PBXGroup;
			children = (
				8C924E02221376DD007FF765 /* sdk_bridge_swift.framework */,
			);
			name = Products;
			sourceTree = "<group>";
		};
		8C924E04221376DD007FF765 /* sdk-bridge-swift */ = {
			isa = PBXGroup;
			children = (
				8C924E05221376DD007FF765 /* sdk_bridge_swift.h */,
				8C924E06221376DD007FF765 /* Info.plist */,
				8C924E0D221377A7007FF765 /* XyoBleToTcpBridge.swift */,
				8C6F37C1221F6AE2001473B2 /* XyoBridgeProcedureCatalogue.swift */,
				8C85F6CF225AE86100EA04A1 /* XyoBridgeProcedureStrictCatalogue.swift */,
			);
			path = "sdk-bridge-swift";
			sourceTree = "<group>";
		};
/* End PBXGroup section */

/* Begin PBXHeadersBuildPhase section */
		8C924DFD221376DD007FF765 /* Headers */ = {
			isa = PBXHeadersBuildPhase;
			buildActionMask = 2147483647;
			files = (
				8C924E07221376DD007FF765 /* sdk_bridge_swift.h in Headers */,
			);
			runOnlyForDeploymentPostprocessing = 0;
		};
/* End PBXHeadersBuildPhase section */

/* Begin PBXNativeTarget section */
		8C924E01221376DD007FF765 /* sdk-bridge-swift */ = {
			isa = PBXNativeTarget;
			buildConfigurationList = 8C924E0A221376DD007FF765 /* Build configuration list for PBXNativeTarget "sdk-bridge-swift" */;
			buildPhases = (
				F6EC91EFC3367BB00BABF525 /* [CP] Check Pods Manifest.lock */,
				8C924DFD221376DD007FF765 /* Headers */,
				8C924DFE221376DD007FF765 /* Sources */,
				8C924DFF221376DD007FF765 /* Frameworks */,
				8C924E00221376DD007FF765 /* Resources */,
			);
			buildRules = (
			);
			dependencies = (
			);
			name = "sdk-bridge-swift";
			productName = "sdk-bridge-swift";
			productReference = 8C924E02221376DD007FF765 /* sdk_bridge_swift.framework */;
			productType = "com.apple.product-type.framework";
		};
/* End PBXNativeTarget section */

/* Begin PBXProject section */
		8C924DF9221376DD007FF765 /* Project object */ = {
			isa = PBXProject;
			attributes = {
				LastUpgradeCheck = 1010;
				ORGANIZATIONNAME = "XYO Network";
				TargetAttributes = {
					8C924E01221376DD007FF765 = {
						CreatedOnToolsVersion = 10.1;
						LastSwiftMigration = 1010;
					};
				};
			};
			buildConfigurationList = 8C924DFC221376DD007FF765 /* Build configuration list for PBXProject "sdk-bridge-swift" */;
			compatibilityVersion = "Xcode 9.3";
			developmentRegion = en;
			hasScannedForEncodings = 0;
			knownRegions = (
				en,
			);
			mainGroup = 8C924DF8221376DD007FF765;
			productRefGroup = 8C924E03221376DD007FF765 /* Products */;
			projectDirPath = "";
			projectRoot = "";
			targets = (
				8C924E01221376DD007FF765 /* sdk-bridge-swift */,
			);
		};
/* End PBXProject section */

/* Begin PBXResourcesBuildPhase section */
		8C924E00221376DD007FF765 /* Resources */ = {
			isa = PBXResourcesBuildPhase;
			buildActionMask = 2147483647;
			files = (
			);
			runOnlyForDeploymentPostprocessing = 0;
		};
/* End PBXResourcesBuildPhase section */

/* Begin PBXShellScriptBuildPhase section */
		F6EC91EFC3367BB00BABF525 /* [CP] Check Pods Manifest.lock */ = {
			isa = PBXShellScriptBuildPhase;
			buildActionMask = 2147483647;
			files = (
			);
			inputFileListPaths = (
			);
			inputPaths = (
				"${PODS_PODFILE_DIR_PATH}/Podfile.lock",
				"${PODS_ROOT}/Manifest.lock",
			);
			name = "[CP] Check Pods Manifest.lock";
			outputFileListPaths = (
			);
			outputPaths = (
				"$(DERIVED_FILE_DIR)/Pods-sdk-bridge-swift-checkManifestLockResult.txt",
			);
			runOnlyForDeploymentPostprocessing = 0;
			shellPath = /bin/sh;
			shellScript = "diff \"${PODS_PODFILE_DIR_PATH}/Podfile.lock\" \"${PODS_ROOT}/Manifest.lock\" > /dev/null\nif [ $? != 0 ] ; then\n    # print error to STDERR\n    echo \"error: The sandbox is not in sync with the Podfile.lock. Run 'pod install' or update your CocoaPods installation.\" >&2\n    exit 1\nfi\n# This output is used by Xcode 'outputs' to avoid re-running this script phase.\necho \"SUCCESS\" > \"${SCRIPT_OUTPUT_FILE_0}\"\n";
			showEnvVarsInLog = 0;
		};
/* End PBXShellScriptBuildPhase section */

/* Begin PBXSourcesBuildPhase section */
		8C924DFE221376DD007FF765 /* Sources */ = {
			isa = PBXSourcesBuildPhase;
			buildActionMask = 2147483647;
			files = (
				8C85F6D0225AE86100EA04A1 /* XyoBridgeProcedureStrictCatalogue.swift in Sources */,
				8C924E0E221377A7007FF765 /* XyoBleToTcpBridge.swift in Sources */,
				8C6F37C2221F6AE2001473B2 /* XyoBridgeProcedureCatalogue.swift in Sources */,
			);
			runOnlyForDeploymentPostprocessing = 0;
		};
/* End PBXSourcesBuildPhase section */

/* Begin XCBuildConfiguration section */
		8C924E08221376DD007FF765 /* Debug */ = {
			isa = XCBuildConfiguration;
			buildSettings = {
				ALWAYS_SEARCH_USER_PATHS = NO;
				CLANG_ANALYZER_NONNULL = YES;
				CLANG_ANALYZER_NUMBER_OBJECT_CONVERSION = YES_AGGRESSIVE;
				CLANG_CXX_LANGUAGE_STANDARD = "gnu++14";
				CLANG_CXX_LIBRARY = "libc++";
				CLANG_ENABLE_MODULES = YES;
				CLANG_ENABLE_OBJC_ARC = YES;
				CLANG_ENABLE_OBJC_WEAK = YES;
				CLANG_WARN_BLOCK_CAPTURE_AUTORELEASING = YES;
				CLANG_WARN_BOOL_CONVERSION = YES;
				CLANG_WARN_COMMA = YES;
				CLANG_WARN_CONSTANT_CONVERSION = YES;
				CLANG_WARN_DEPRECATED_OBJC_IMPLEMENTATIONS = YES;
				CLANG_WARN_DIRECT_OBJC_ISA_USAGE = YES_ERROR;
				CLANG_WARN_DOCUMENTATION_COMMENTS = YES;
				CLANG_WARN_EMPTY_BODY = YES;
				CLANG_WARN_ENUM_CONVERSION = YES;
				CLANG_WARN_INFINITE_RECURSION = YES;
				CLANG_WARN_INT_CONVERSION = YES;
				CLANG_WARN_NON_LITERAL_NULL_CONVERSION = YES;
				CLANG_WARN_OBJC_IMPLICIT_RETAIN_SELF = YES;
				CLANG_WARN_OBJC_LITERAL_CONVERSION = YES;
				CLANG_WARN_OBJC_ROOT_CLASS = YES_ERROR;
				CLANG_WARN_RANGE_LOOP_ANALYSIS = YES;
				CLANG_WARN_STRICT_PROTOTYPES = YES;
				CLANG_WARN_SUSPICIOUS_MOVE = YES;
				CLANG_WARN_UNGUARDED_AVAILABILITY = YES_AGGRESSIVE;
				CLANG_WARN_UNREACHABLE_CODE = YES;
				CLANG_WARN__DUPLICATE_METHOD_MATCH = YES;
				CODE_SIGN_IDENTITY = "iPhone Developer";
				COPY_PHASE_STRIP = NO;
				CURRENT_PROJECT_VERSION = 1;
				DEBUG_INFORMATION_FORMAT = dwarf;
				ENABLE_STRICT_OBJC_MSGSEND = YES;
				ENABLE_TESTABILITY = YES;
				GCC_C_LANGUAGE_STANDARD = gnu11;
				GCC_DYNAMIC_NO_PIC = NO;
				GCC_NO_COMMON_BLOCKS = YES;
				GCC_OPTIMIZATION_LEVEL = 0;
				GCC_PREPROCESSOR_DEFINITIONS = (
					"DEBUG=1",
					"$(inherited)",
				);
				GCC_WARN_64_TO_32_BIT_CONVERSION = YES;
				GCC_WARN_ABOUT_RETURN_TYPE = YES_ERROR;
				GCC_WARN_UNDECLARED_SELECTOR = YES;
				GCC_WARN_UNINITIALIZED_AUTOS = YES_AGGRESSIVE;
				GCC_WARN_UNUSED_FUNCTION = YES;
				GCC_WARN_UNUSED_VARIABLE = YES;
				IPHONEOS_DEPLOYMENT_TARGET = 12.1;
				MTL_ENABLE_DEBUG_INFO = INCLUDE_SOURCE;
				MTL_FAST_MATH = YES;
				ONLY_ACTIVE_ARCH = YES;
				SDKROOT = iphoneos;
				SWIFT_ACTIVE_COMPILATION_CONDITIONS = DEBUG;
				SWIFT_OPTIMIZATION_LEVEL = "-Onone";
				VERSIONING_SYSTEM = "apple-generic";
				VERSION_INFO_PREFIX = "";
			};
			name = Debug;
		};
		8C924E09221376DD007FF765 /* Release */ = {
			isa = XCBuildConfiguration;
			buildSettings = {
				ALWAYS_SEARCH_USER_PATHS = NO;
				CLANG_ANALYZER_NONNULL = YES;
				CLANG_ANALYZER_NUMBER_OBJECT_CONVERSION = YES_AGGRESSIVE;
				CLANG_CXX_LANGUAGE_STANDARD = "gnu++14";
				CLANG_CXX_LIBRARY = "libc++";
				CLANG_ENABLE_MODULES = YES;
				CLANG_ENABLE_OBJC_ARC = YES;
				CLANG_ENABLE_OBJC_WEAK = YES;
				CLANG_WARN_BLOCK_CAPTURE_AUTORELEASING = YES;
				CLANG_WARN_BOOL_CONVERSION = YES;
				CLANG_WARN_COMMA = YES;
				CLANG_WARN_CONSTANT_CONVERSION = YES;
				CLANG_WARN_DEPRECATED_OBJC_IMPLEMENTATIONS = YES;
				CLANG_WARN_DIRECT_OBJC_ISA_USAGE = YES_ERROR;
				CLANG_WARN_DOCUMENTATION_COMMENTS = YES;
				CLANG_WARN_EMPTY_BODY = YES;
				CLANG_WARN_ENUM_CONVERSION = YES;
				CLANG_WARN_INFINITE_RECURSION = YES;
				CLANG_WARN_INT_CONVERSION = YES;
				CLANG_WARN_NON_LITERAL_NULL_CONVERSION = YES;
				CLANG_WARN_OBJC_IMPLICIT_RETAIN_SELF = YES;
				CLANG_WARN_OBJC_LITERAL_CONVERSION = YES;
				CLANG_WARN_OBJC_ROOT_CLASS = YES_ERROR;
				CLANG_WARN_RANGE_LOOP_ANALYSIS = YES;
				CLANG_WARN_STRICT_PROTOTYPES = YES;
				CLANG_WARN_SUSPICIOUS_MOVE = YES;
				CLANG_WARN_UNGUARDED_AVAILABILITY = YES_AGGRESSIVE;
				CLANG_WARN_UNREACHABLE_CODE = YES;
				CLANG_WARN__DUPLICATE_METHOD_MATCH = YES;
				CODE_SIGN_IDENTITY = "iPhone Developer";
				COPY_PHASE_STRIP = NO;
				CURRENT_PROJECT_VERSION = 1;
				DEBUG_INFORMATION_FORMAT = "dwarf-with-dsym";
				ENABLE_NS_ASSERTIONS = NO;
				ENABLE_STRICT_OBJC_MSGSEND = YES;
				GCC_C_LANGUAGE_STANDARD = gnu11;
				GCC_NO_COMMON_BLOCKS = YES;
				GCC_WARN_64_TO_32_BIT_CONVERSION = YES;
				GCC_WARN_ABOUT_RETURN_TYPE = YES_ERROR;
				GCC_WARN_UNDECLARED_SELECTOR = YES;
				GCC_WARN_UNINITIALIZED_AUTOS = YES_AGGRESSIVE;
				GCC_WARN_UNUSED_FUNCTION = YES;
				GCC_WARN_UNUSED_VARIABLE = YES;
				IPHONEOS_DEPLOYMENT_TARGET = 12.1;
				MTL_ENABLE_DEBUG_INFO = NO;
				MTL_FAST_MATH = YES;
				SDKROOT = iphoneos;
				SWIFT_COMPILATION_MODE = wholemodule;
				SWIFT_OPTIMIZATION_LEVEL = "-O";
				VALIDATE_PRODUCT = YES;
				VERSIONING_SYSTEM = "apple-generic";
				VERSION_INFO_PREFIX = "";
			};
			name = Release;
		};
		8C924E0B221376DD007FF765 /* Debug */ = {
			isa = XCBuildConfiguration;
			baseConfigurationReference = 303AC5206BB489C5CD3D0FB7 /* Pods-sdk-bridge-swift.debug.xcconfig */;
			buildSettings = {
				CLANG_ENABLE_MODULES = YES;
				CODE_SIGN_IDENTITY = "";
				CODE_SIGN_STYLE = Automatic;
				DEFINES_MODULE = YES;
				DEVELOPMENT_TEAM = WA9VC4AR6Q;
				DYLIB_COMPATIBILITY_VERSION = 1;
				DYLIB_CURRENT_VERSION = 1;
				DYLIB_INSTALL_NAME_BASE = "@rpath";
				INFOPLIST_FILE = "sdk-bridge-swift/Info.plist";
				INSTALL_PATH = "$(LOCAL_LIBRARY_DIR)/Frameworks";
				LD_RUNPATH_SEARCH_PATHS = (
					"$(inherited)",
					"@executable_path/Frameworks",
					"@loader_path/Frameworks",
				);
				PRODUCT_BUNDLE_IDENTIFIER = "network.xyo.sdk-bridge-swift";
				PRODUCT_NAME = "$(TARGET_NAME:c99extidentifier)";
				SKIP_INSTALL = YES;
				SWIFT_OPTIMIZATION_LEVEL = "-Onone";
				SWIFT_VERSION = 4.2;
				TARGETED_DEVICE_FAMILY = "1,2";
			};
			name = Debug;
		};
		8C924E0C221376DD007FF765 /* Release */ = {
			isa = XCBuildConfiguration;
			baseConfigurationReference = C0BF4292F2AAF0781AA94745 /* Pods-sdk-bridge-swift.release.xcconfig */;
			buildSettings = {
				CLANG_ENABLE_MODULES = YES;
				CODE_SIGN_IDENTITY = "";
				CODE_SIGN_STYLE = Automatic;
				DEFINES_MODULE = YES;
				DEVELOPMENT_TEAM = WA9VC4AR6Q;
				DYLIB_COMPATIBILITY_VERSION = 1;
				DYLIB_CURRENT_VERSION = 1;
				DYLIB_INSTALL_NAME_BASE = "@rpath";
				INFOPLIST_FILE = "sdk-bridge-swift/Info.plist";
				INSTALL_PATH = "$(LOCAL_LIBRARY_DIR)/Frameworks";
				LD_RUNPATH_SEARCH_PATHS = (
					"$(inherited)",
					"@executable_path/Frameworks",
					"@loader_path/Frameworks",
				);
				PRODUCT_BUNDLE_IDENTIFIER = "network.xyo.sdk-bridge-swift";
				PRODUCT_NAME = "$(TARGET_NAME:c99extidentifier)";
				SKIP_INSTALL = YES;
				SWIFT_VERSION = 4.2;
				TARGETED_DEVICE_FAMILY = "1,2";
			};
			name = Release;
		};
/* End XCBuildConfiguration section */

/* Begin XCConfigurationList section */
		8C924DFC221376DD007FF765 /* Build configuration list for PBXProject "sdk-bridge-swift" */ = {
			isa = XCConfigurationList;
			buildConfigurations = (
				8C924E08221376DD007FF765 /* Debug */,
				8C924E09221376DD007FF765 /* Release */,
			);
			defaultConfigurationIsVisible = 0;
			defaultConfigurationName = Release;
		};
		8C924E0A221376DD007FF765 /* Build configuration list for PBXNativeTarget "sdk-bridge-swift" */ = {
			isa = XCConfigurationList;
			buildConfigurations = (
				8C924E0B221376DD007FF765 /* Debug */,
				8C924E0C221376DD007FF765 /* Release */,
			);
			defaultConfigurationIsVisible = 0;
			defaultConfigurationName = Release;
		};
/* End XCConfigurationList section */
	};
	rootObject = 8C924DF9221376DD007FF765 /* Project object */;
}
